{
  "name": "aws-sdk-browser-builder",
  "version": "0.0.1",
  "dependencies": {
    "aws-sdk": {
      "version": "2.0.0-rc.19",
      "from": "aws-sdk@git://github.com/aws/aws-sdk-js#v2.0.0-rc.19",
      "resolved": "git://github.com/aws/aws-sdk-js#48e3db0758eff5f4bf217820d574e067d5d52564",
      "dependencies": {
        "xml2js": {
          "version": "0.2.4",
          "from": "xml2js@0.2.4",
          "dependencies": {
            "sax": {
              "version": "0.6.0",
              "from": "sax@>=0.4.2"
            }
          }
        },
        "xmlbuilder": {
          "version": "0.4.2",
          "from": "xmlbuilder@0.4.2"
        }
      }
    },
    "aws-sdk-apis": {
      "version": "2.0.13",
      "from": "aws-sdk-apis@2.0.13",
      "resolved": "https://registry.npmjs.org/aws-sdk-apis/-/aws-sdk-apis-2.0.13.tgz"
    },
    "browserify": {
      "version": "3.46.1",
      "from": "browserify@3.x",
      "resolved": "https://registry.npmjs.org/browserify/-/browserify-3.46.1.tgz",
      "dependencies": {
        "JSONStream": {
          "version": "0.7.4",
          "from": "JSONStream@~0.7.1",
          "resolved": "https://registry.npmjs.org/JSONStream/-/JSONStream-0.7.4.tgz",
          "dependencies": {
            "jsonparse": {
              "version": "0.0.5",
              "from": "jsonparse@0.0.5",
              "resolved": "https://registry.npmjs.org/jsonparse/-/jsonparse-0.0.5.tgz"
            },
            "through": {
              "version": "2.3.4",
              "from": "through@>=2.2.7 <3"
            }
          }
        },
        "assert": {
          "version": "1.1.1",
          "from": "assert@~1.1.0",
          "dependencies": {
            "util": {
              "version": "0.10.2",
              "from": "util@0.10.2"
            }
          }
        },
        "browser-pack": {
          "version": "2.0.1",
          "from": "browser-pack@~2.0.0",
          "dependencies": {
            "JSONStream": {
              "version": "0.6.4",
              "from": "JSONStream@~0.6.4",
              "dependencies": {
                "jsonparse": {
                  "version": "0.0.5",
                  "from": "jsonparse@0.0.5",
                  "resolved": "https://registry.npmjs.org/jsonparse/-/jsonparse-0.0.5.tgz"
                },
                "through": {
                  "version": "2.2.7",
                  "from": "through@~2.2.7"
                }
              }
            },
            "through": {
              "version": "2.3.4",
              "from": "through@~2.3.4"
            },
            "combine-source-map": {
              "version": "0.3.0",
              "from": "combine-source-map@~0.3.0",
              "dependencies": {
                "inline-source-map": {
                  "version": "0.3.0",
                  "from": "inline-source-map@~0.3.0"
                },
                "convert-source-map": {
                  "version": "0.3.4",
                  "from": "convert-source-map@~0.3.0",
                  "resolved": "https://registry.npmjs.org/convert-source-map/-/convert-source-map-0.3.4.tgz"
                },
                "source-map": {
                  "version": "0.1.34",
                  "from": "source-map@~0.1.31",
                  "resolved": "https://registry.npmjs.org/source-map/-/source-map-0.1.34.tgz",
                  "dependencies": {
                    "amdefine": {
                      "version": "0.1.0",
                      "from": "amdefine@>=0.0.4"
                    }
                  }
                }
              }
            }
          }
        },
        "browser-resolve": {
          "version": "1.2.4",
          "from": "browser-resolve@~1.2.1"
        },
        "browserify-zlib": {
          "version": "0.1.4",
          "from": "browserify-zlib@~0.1.2",
          "dependencies": {
            "pako": {
              "version": "0.2.3",
              "from": "pako@~0.2.0",
              "resolved": "https://registry.npmjs.org/pako/-/pako-0.2.3.tgz"
            }
          }
        },
        "buffer": {
          "version": "2.1.13",
          "from": "buffer@~2.1.4",
          "dependencies": {
            "base64-js": {
              "version": "0.0.7",
              "from": "base64-js@~0.0.4",
              "resolved": "https://registry.npmjs.org/base64-js/-/base64-js-0.0.7.tgz"
            },
            "ieee754": {
              "version": "1.1.3",
              "from": "ieee754@~1.1.1"
            }
          }
        },
        "builtins": {
          "version": "0.0.4",
          "from": "builtins@~0.0.3",
          "resolved": "https://registry.npmjs.org/builtins/-/builtins-0.0.4.tgz"
        },
        "commondir": {
          "version": "0.0.1",
          "from": "commondir@0.0.1"
        },
        "concat-stream": {
          "version": "1.4.6",
          "from": "concat-stream@~1.4.1",
          "resolved": "https://registry.npmjs.org/concat-stream/-/concat-stream-1.4.6.tgz",
          "dependencies": {
            "typedarray": {
              "version": "0.0.6",
              "from": "typedarray@~0.0.5",
              "resolved": "https://registry.npmjs.org/typedarray/-/typedarray-0.0.6.tgz"
            },
            "readable-stream": {
              "version": "1.1.13-1",
              "from": "readable-stream@~1.1.9",
              "dependencies": {
                "core-util-is": {
                  "version": "1.0.1",
                  "from": "core-util-is@~1.0.0"
                },
                "isarray": {
                  "version": "0.0.1",
                  "from": "isarray@0.0.1"
                },
                "string_decoder": {
                  "version": "0.10.25-1",
                  "from": "string_decoder@~0.10.x"
                }
              }
            }
          }
        },
        "console-browserify": {
          "version": "1.0.3",
          "from": "console-browserify@~1.0.1"
        },
        "constants-browserify": {
          "version": "0.0.1",
          "from": "constants-browserify@~0.0.1"
        },
        "crypto-browserify": {
          "version": "1.0.9",
          "from": "crypto-browserify@~1.0.9"
        },
        "deep-equal": {
          "version": "0.1.2",
          "from": "deep-equal@~0.1.0"
        },
        "defined": {
          "version": "0.0.0",
          "from": "defined@~0.0.0"
        },
        "deps-sort": {
          "version": "0.1.2",
          "from": "deps-sort@~0.1.1",
          "resolved": "https://registry.npmjs.org/deps-sort/-/deps-sort-0.1.2.tgz",
          "dependencies": {
            "through": {
              "version": "2.3.4",
              "from": "through@~2.3.4"
            },
            "JSONStream": {
              "version": "0.6.4",
              "from": "JSONStream@~0.6.4",
              "dependencies": {
                "jsonparse": {
                  "version": "0.0.5",
                  "from": "jsonparse@0.0.5",
                  "resolved": "https://registry.npmjs.org/jsonparse/-/jsonparse-0.0.5.tgz"
                },
                "through": {
                  "version": "2.2.7",
                  "from": "through@~2.2.7"
                }
              }
            },
            "minimist": {
              "version": "0.0.10",
              "from": "minimist@~0.0.7",
              "resolved": "https://registry.npmjs.org/minimist/-/minimist-0.0.10.tgz"
            }
          }
        },
        "derequire": {
          "version": "0.8.0",
          "from": "derequire@~0.8.0",
          "dependencies": {
            "estraverse": {
              "version": "1.5.0",
              "from": "estraverse@~1.5.0"
            },
            "esrefactor": {
              "version": "0.1.0",
              "from": "esrefactor@~0.1.0",
              "dependencies": {
                "esprima": {
                  "version": "1.0.4",
                  "from": "esprima@~1.0.2"
                },
                "estraverse": {
                  "version": "0.0.4",
                  "from": "estraverse@~0.0.4"
                },
                "escope": {
                  "version": "0.0.16",
                  "from": "escope@~0.0.13"
                }
              }
            },
            "esprima-fb": {
              "version": "3001.1.0-dev-harmony-fb",
              "from": "esprima-fb@^3001.1.0-dev-harmony-fb",
              "resolved": "https://registry.npmjs.org/esprima-fb/-/esprima-fb-3001.0001.0000-dev-harmony-fb.tgz"
            }
          }
        },
        "domain-browser": {
          "version": "1.1.2",
          "from": "domain-browser@~1.1.0",
          "resolved": "https://registry.npmjs.org/domain-browser/-/domain-browser-1.1.2.tgz"
        },
        "duplexer": {
          "version": "0.1.1",
          "from": "duplexer@~0.1.1"
        },
        "events": {
          "version": "1.0.1",
          "from": "events@~1.0.0",
          "resolved": "https://registry.npmjs.org/events/-/events-1.0.1.tgz"
        },
        "glob": {
          "version": "3.2.11",
          "from": "glob@~3.2.8",
          "resolved": "https://registry.npmjs.org/glob/-/glob-3.2.11.tgz",
          "dependencies": {
            "minimatch": {
              "version": "0.3.0",
              "from": "minimatch@0.3",
              "resolved": "https://registry.npmjs.org/minimatch/-/minimatch-0.3.0.tgz",
              "dependencies": {
                "lru-cache": {
                  "version": "2.5.0",
                  "from": "lru-cache@2"
                },
                "sigmund": {
                  "version": "1.0.0",
                  "from": "sigmund@~1.0.0"
                }
              }
            }
          }
        },
        "http-browserify": {
          "version": "1.3.2",
          "from": "http-browserify@~1.3.1",
          "dependencies": {
            "Base64": {
              "version": "0.2.1",
              "from": "Base64@~0.2.0"
            }
          }
        },
        "https-browserify": {
          "version": "0.0.0",
          "from": "https-browserify@~0.0.0"
        },
        "inherits": {
          "version": "2.0.1",
          "from": "inherits@~2.0.1"
        },
        "insert-module-globals": {
          "version": "6.0.0",
          "from": "insert-module-globals@~6.0.0",
          "resolved": "https://registry.npmjs.org/insert-module-globals/-/insert-module-globals-6.0.0.tgz",
          "dependencies": {
            "lexical-scope": {
              "version": "1.1.0",
              "from": "lexical-scope@~1.1.0",
              "dependencies": {
                "astw": {
                  "version": "1.1.0",
                  "from": "astw@~1.1.0",
                  "dependencies": {
                    "esprima-fb": {
                      "version": "3001.1.0-dev-harmony-fb",
                      "from": "esprima-fb@3001.1.0-dev-harmony-fb",
                      "resolved": "https://registry.npmjs.org/esprima-fb/-/esprima-fb-3001.0001.0000-dev-harmony-fb.tgz"
                    }
                  }
                }
              }
            },
            "process": {
              "version": "0.6.0",
              "from": "process@~0.6.0"
            },
            "through": {
              "version": "2.3.4",
              "from": "through@~2.3.4"
            }
          }
        },
        "module-deps": {
          "version": "2.0.6",
          "from": "module-deps@~2.0.0",
          "resolved": "https://registry.npmjs.org/module-deps/-/module-deps-2.0.6.tgz",
          "dependencies": {
            "detective": {
              "version": "3.1.0",
              "from": "detective@~3.1.0",
              "dependencies": {
                "escodegen": {
                  "version": "1.1.0",
                  "from": "escodegen@~1.1.0",
                  "dependencies": {
                    "esprima": {
                      "version": "1.0.4",
                      "from": "esprima@~1.0.4"
                    },
                    "estraverse": {
                      "version": "1.5.0",
                      "from": "estraverse@~1.5.0"
                    },
                    "esutils": {
                      "version": "1.0.0",
                      "from": "esutils@~1.0.0"
                    },
                    "source-map": {
                      "version": "0.1.34",
                      "from": "source-map@~0.1.30",
                      "resolved": "https://registry.npmjs.org/source-map/-/source-map-0.1.34.tgz",
                      "dependencies": {
                        "amdefine": {
                          "version": "0.1.0",
                          "from": "amdefine@>=0.0.4"
                        }
                      }
                    }
                  }
                },
                "esprima-fb": {
                  "version": "3001.1.0-dev-harmony-fb",
                  "from": "esprima-fb@3001.1.0-dev-harmony-fb",
                  "resolved": "https://registry.npmjs.org/esprima-fb/-/esprima-fb-3001.0001.0000-dev-harmony-fb.tgz"
                }
              }
            },
            "duplexer2": {
              "version": "0.0.2",
              "from": "duplexer2@0.0.2",
              "resolved": "https://registry.npmjs.org/duplexer2/-/duplexer2-0.0.2.tgz",
              "dependencies": {
                "readable-stream": {
                  "version": "1.1.13-1",
                  "from": "readable-stream@~1.1.9",
                  "dependencies": {
                    "core-util-is": {
                      "version": "1.0.1",
                      "from": "core-util-is@~1.0.0"
                    },
                    "isarray": {
                      "version": "0.0.1",
                      "from": "isarray@0.0.1"
                    },
                    "string_decoder": {
                      "version": "0.10.25-1",
                      "from": "string_decoder@~0.10.x"
                    }
                  }
                }
              }
            },
            "minimist": {
              "version": "0.0.10",
              "from": "minimist@~0.0.9",
              "resolved": "https://registry.npmjs.org/minimist/-/minimist-0.0.10.tgz"
            },
            "stream-combiner": {
              "version": "0.1.0",
              "from": "stream-combiner@~0.1.0",
              "resolved": "https://registry.npmjs.org/stream-combiner/-/stream-combiner-0.1.0.tgz",
              "dependencies": {
                "through": {
                  "version": "2.3.4",
                  "from": "through@~2.3.4"
                }
              }
            },
            "readable-stream": {
              "version": "1.0.27-1",
              "from": "readable-stream@^1.0.27-1",
              "dependencies": {
                "core-util-is": {
                  "version": "1.0.1",
                  "from": "core-util-is@~1.0.0"
                },
                "isarray": {
                  "version": "0.0.1",
                  "from": "isarray@0.0.1"
                },
                "string_decoder": {
                  "version": "0.10.25-1",
                  "from": "string_decoder@~0.10.x"
                }
              }
            }
          }
        },
        "os-browserify": {
          "version": "0.1.2",
          "from": "os-browserify@~0.1.1"
        },
        "parents": {
          "version": "0.0.2",
          "from": "parents@~0.0.1"
        },
        "path-browserify": {
          "version": "0.0.0",
          "from": "path-browserify@~0.0.0"
        },
        "punycode": {
          "version": "1.2.4",
          "from": "punycode@~1.2.3"
        },
        "querystring-es3": {
          "version": "0.2.0",
          "from": "querystring-es3@0.2.0"
        },
        "resolve": {
          "version": "0.6.3",
          "from": "resolve@~0.6.1"
        },
        "shallow-copy": {
          "version": "0.0.1",
          "from": "shallow-copy@0.0.1"
        },
        "shell-quote": {
          "version": "0.0.1",
          "from": "shell-quote@~0.0.1"
        },
        "stream-browserify": {
          "version": "0.1.3",
          "from": "stream-browserify@~0.1.0",
          "dependencies": {
            "process": {
              "version": "0.5.2",
              "from": "process@~0.5.1"
            }
          }
        },
        "stream-combiner": {
          "version": "0.0.4",
          "from": "stream-combiner@~0.0.2"
        },
        "string_decoder": {
          "version": "0.0.1",
          "from": "string_decoder@~0.0.0"
        },
        "subarg": {
          "version": "0.0.1",
          "from": "subarg@0.0.1",
          "dependencies": {
            "minimist": {
              "version": "0.0.10",
              "from": "minimist@~0.0.7",
              "resolved": "https://registry.npmjs.org/minimist/-/minimist-0.0.10.tgz"
            }
          }
        },
        "syntax-error": {
          "version": "1.1.0",
          "from": "syntax-error@~1.1.0",
          "dependencies": {
            "esprima-fb": {
              "version": "3001.1.0-dev-harmony-fb",
              "from": "esprima-fb@3001.1.0-dev-harmony-fb",
              "resolved": "https://registry.npmjs.org/esprima-fb/-/esprima-fb-3001.0001.0000-dev-harmony-fb.tgz"
            }
          }
        },
        "through2": {
          "version": "0.4.2",
          "from": "through2@~0.4.1",
          "resolved": "https://registry.npmjs.org/through2/-/through2-0.4.2.tgz",
          "dependencies": {
            "readable-stream": {
              "version": "1.0.27-1",
              "from": "readable-stream@~1.0.17",
              "dependencies": {
                "core-util-is": {
                  "version": "1.0.1",
                  "from": "core-util-is@~1.0.0"
                },
                "isarray": {
                  "version": "0.0.1",
                  "from": "isarray@0.0.1"
                },
                "string_decoder": {
                  "version": "0.10.25-1",
                  "from": "string_decoder@~0.10.x"
                }
              }
            },
            "xtend": {
              "version": "2.1.2",
              "from": "xtend@~2.1.1",
              "dependencies": {
                "object-keys": {
                  "version": "0.4.0",
                  "from": "object-keys@~0.4.0"
                }
              }
            }
          }
        },
        "timers-browserify": {
          "version": "1.0.1",
          "from": "timers-browserify@~1.0.1",
          "dependencies": {
            "process": {
              "version": "0.5.2",
              "from": "process@~0.5.1"
            }
          }
        },
        "tty-browserify": {
          "version": "0.0.0",
          "from": "tty-browserify@~0.0.0"
        },
        "umd": {
          "version": "2.0.0",
          "from": "umd@~2.0.0",
          "dependencies": {
            "rfile": {
              "version": "1.0.0",
              "from": "rfile@~1.0.0",
              "dependencies": {
                "callsite": {
                  "version": "1.0.0",
                  "from": "callsite@~1.0.0"
                },
                "resolve": {
                  "version": "0.3.1",
                  "from": "resolve@~0.3.0"
                }
              }
            },
            "ruglify": {
              "version": "1.0.0",
              "from": "ruglify@~1.0.0",
              "dependencies": {
                "uglify-js": {
                  "version": "2.2.5",
                  "from": "uglify-js@~2.2",
                  "dependencies": {
                    "source-map": {
                      "version": "0.1.34",
                      "from": "source-map@~0.1.7",
                      "resolved": "https://registry.npmjs.org/source-map/-/source-map-0.1.34.tgz",
                      "dependencies": {
                        "amdefine": {
                          "version": "0.1.0",
                          "from": "amdefine@>=0.0.4"
                        }
                      }
                    },
                    "optimist": {
                      "version": "0.3.7",
                      "from": "optimist@~0.3.5",
                      "dependencies": {
                        "wordwrap": {
                          "version": "0.0.2",
                          "from": "wordwrap@~0.0.2"
                        }
                      }
                    }
                  }
                }
              }
            },
            "through": {
              "version": "2.3.4",
              "from": "through@~2.3.4"
            }
          }
        },
        "url": {
          "version": "0.10.1",
          "from": "url@~0.10.1"
        },
        "util": {
          "version": "0.10.3",
          "from": "util@~0.10.1"
        },
        "vm-browserify": {
          "version": "0.0.4",
          "from": "vm-browserify@~0.0.1",
          "dependencies": {
            "indexof": {
              "version": "0.0.1",
              "from": "indexof@0.0.1",
              "resolved": "https://registry.npmjs.org/indexof/-/indexof-0.0.1.tgz"
            }
          }
        },
        "xtend": {
          "version": "3.0.0",
          "from": "xtend@^3.0.0"
        },
        "process": {
          "version": "0.7.0",
          "from": "process@^0.7.0",
          "resolved": "https://registry.npmjs.org/process/-/process-0.7.0.tgz"
        }
      }
    },
    "express": {
      "version": "3.10.4",
      "from": "express@3.x",
      "resolved": "https://registry.npmjs.org/express/-/express-3.10.4.tgz",
      "dependencies": {
        "buffer-crc32": {
          "version": "0.2.1",
          "from": "buffer-crc32@0.2.1"
        },
        "connect": {
          "version": "2.19.5",
          "from": "connect@2.19.5",
          "resolved": "https://registry.npmjs.org/connect/-/connect-2.19.5.tgz",
          "dependencies": {
            "basic-auth-connect": {
              "version": "1.0.0",
              "from": "basic-auth-connect@1.0.0"
            },
            "body-parser": {
              "version": "1.3.0",
              "from": "body-parser@1.3.0",
              "dependencies": {
                "raw-body": {
                  "version": "1.1.6",
                  "from": "raw-body@1.1.6"
                },
                "type-is": {
                  "version": "1.2.0",
                  "from": "type-is@1.2.0",
                  "resolved": "https://registry.npmjs.org/type-is/-/type-is-1.2.0.tgz",
                  "dependencies": {
                    "mime": {
                      "version": "1.2.11",
                      "from": "mime@1.2.11",
                      "resolved": "https://registry.npmjs.org/mime/-/mime-1.2.11.tgz"
                    }
                  }
                }
              }
            },
            "bytes": {
              "version": "1.0.0",
              "from": "bytes@1.0.0"
            },
            "cookie-parser": {
              "version": "1.1.0",
              "from": "cookie-parser@1.1.0"
            },
            "compression": {
              "version": "1.0.6",
              "from": "compression@1.0.6",
              "dependencies": {
                "accepts": {
                  "version": "1.0.2",
                  "from": "accepts@1.0.2",
                  "dependencies": {
                    "mime": {
                      "version": "1.2.11",
                      "from": "mime@1.2.11",
                      "resolved": "https://registry.npmjs.org/mime/-/mime-1.2.11.tgz"
                    },
                    "negotiator": {
                      "version": "0.4.5",
                      "from": "negotiator@0.4.5"
                    }
                  }
                },
                "compressible": {
                  "version": "1.0.1",
                  "from": "compressible@1.0.1",
                  "resolved": "https://registry.npmjs.org/compressible/-/compressible-1.0.1.tgz"
                }
              }
            },
            "connect-timeout": {
              "version": "1.1.0",
              "from": "connect-timeout@1.1.0",
              "dependencies": {
                "debug": {
                  "version": "0.8.1",
                  "from": "debug@0.8.1",
                  "resolved": "https://registry.npmjs.org/debug/-/debug-0.8.1.tgz"
                }
              }
            },
            "csurf": {
              "version": "1.2.1",
              "from": "csurf@1.2.1",
              "resolved": "https://registry.npmjs.org/csurf/-/csurf-1.2.1.tgz",
              "dependencies": {
                "csrf-tokens": {
                  "version": "1.0.3",
                  "from": "csrf-tokens@~1.0.2",
                  "resolved": "https://registry.npmjs.org/csrf-tokens/-/csrf-tokens-1.0.3.tgz",
                  "dependencies": {
                    "rndm": {
                      "version": "1.0.0",
                      "from": "rndm@1",
                      "resolved": "https://registry.npmjs.org/rndm/-/rndm-1.0.0.tgz"
                    },
                    "uid2": {
                      "version": "0.0.3",
                      "from": "uid2@~0.0.2"
                    },
                    "scmp": {
                      "version": "0.0.3",
                      "from": "scmp@~0.0.3"
                    }
                  }
                }
              }
            },
            "errorhandler": {
              "version": "1.0.2",
              "from": "errorhandler@1.0.2",
              "resolved": "https://registry.npmjs.org/errorhandler/-/errorhandler-1.0.2.tgz"
            },
            "express-session": {
              "version": "1.2.1",
              "from": "express-session@1.2.1",
              "dependencies": {
                "utils-merge": {
                  "version": "1.0.0",
                  "from": "utils-merge@1.0.0"
                },
                "uid2": {
                  "version": "0.0.3",
                  "from": "uid2@0.0.3"
                },
                "debug": {
                  "version": "0.8.1",
                  "from": "debug@0.8.1",
                  "resolved": "https://registry.npmjs.org/debug/-/debug-0.8.1.tgz"
                }
              }
            },
            "method-override": {
              "version": "2.0.2",
              "from": "method-override@2.0.2",
              "resolved": "https://registry.npmjs.org/method-override/-/method-override-2.0.2.tgz"
            },
            "morgan": {
              "version": "1.1.1",
              "from": "morgan@1.1.1",
              "resolved": "https://registry.npmjs.org/morgan/-/morgan-1.1.1.tgz"
            },
            "multiparty": {
              "version": "3.2.8",
              "from": "multiparty@3.2.8",
              "dependencies": {
                "readable-stream": {
                  "version": "1.1.13-1",
                  "from": "readable-stream@~1.1.9",
                  "dependencies": {
                    "core-util-is": {
                      "version": "1.0.1",
                      "from": "core-util-is@~1.0.0"
                    },
                    "isarray": {
                      "version": "0.0.1",
                      "from": "isarray@0.0.1"
                    },
                    "string_decoder": {
                      "version": "0.10.25-1",
                      "from": "string_decoder@~0.10.x"
                    },
                    "inherits": {
                      "version": "2.0.1",
                      "from": "inherits@~2.0.1"
                    }
                  }
                },
                "stream-counter": {
                  "version": "0.2.0",
                  "from": "stream-counter@~0.2.0"
                }
              }
            },
            "on-headers": {
              "version": "0.0.0",
              "from": "on-headers@0.0.0"
            },
            "qs": {
              "version": "0.6.6",
              "from": "qs@0.6.6"
            },
            "response-time": {
              "version": "2.0.0",
              "from": "response-time@2.0.0"
            },
            "serve-favicon": {
              "version": "2.0.1",
              "from": "serve-favicon@2.0.1",
              "resolved": "https://registry.npmjs.org/serve-favicon/-/serve-favicon-2.0.1.tgz"
            },
            "serve-index": {
              "version": "1.1.0",
              "from": "serve-index@1.1.0",
              "dependencies": {
                "accepts": {
                  "version": "1.0.2",
                  "from": "accepts@1.0.2",
                  "dependencies": {
                    "mime": {
                      "version": "1.2.11",
                      "from": "mime@~1.2.11",
                      "resolved": "https://registry.npmjs.org/mime/-/mime-1.2.11.tgz"
                    },
                    "negotiator": {
                      "version": "0.4.5",
                      "from": "negotiator@0.4.5"
                    }
                  }
                },
                "batch": {
                  "version": "0.5.0",
                  "from": "batch@0.5.0"
                }
              }
            },
            "serve-static": {
              "version": "1.2.2",
              "from": "serve-static@1.2.2",
              "resolved": "https://registry.npmjs.org/serve-static/-/serve-static-1.2.2.tgz"
            },
            "type-is": {
              "version": "1.2.1",
              "from": "type-is@1.2.1",
              "resolved": "https://registry.npmjs.org/type-is/-/type-is-1.2.1.tgz",
              "dependencies": {
                "mime-types": {
                  "version": "1.0.0",
                  "from": "mime-types@1.0.0",
                  "resolved": "https://registry.npmjs.org/mime-types/-/mime-types-1.0.0.tgz"
                }
              }
            },
            "vhost": {
              "version": "1.0.0",
              "from": "vhost@1.0.0",
              "resolved": "https://registry.npmjs.org/vhost/-/vhost-1.0.0.tgz"
            },
            "pause": {
              "version": "0.0.1",
              "from": "pause@0.0.1"
            }
          }
        },
        "commander": {
          "version": "1.3.2",
          "from": "commander@1.3.2",
          "resolved": "https://registry.npmjs.org/commander/-/commander-1.3.2.tgz",
          "dependencies": {
            "keypress": {
              "version": "0.1.0",
              "from": "keypress@0.1.x"
            }
          }
        },
        "debug": {
          "version": "1.0.1",
          "from": "debug@1.0.1",
          "resolved": "https://registry.npmjs.org/debug/-/debug-1.0.1.tgz",
          "dependencies": {
            "ms": {
              "version": "0.6.2",
              "from": "ms@0.6.2",
              "resolved": "https://registry.npmjs.org/ms/-/ms-0.6.2.tgz"
            }
          }
        },
        "escape-html": {
          "version": "1.0.1",
          "from": "escape-html@1.0.1"
        },
        "methods": {
          "version": "1.0.1",
          "from": "methods@1.0.1"
        },
        "mkdirp": {
          "version": "0.5.0",
          "from": "mkdirp@0.5.0",
          "resolved": "https://registry.npmjs.org/mkdirp/-/mkdirp-0.5.0.tgz",
          "dependencies": {
            "minimist": {
              "version": "0.0.8",
              "from": "minimist@0.0.8"
            }
          }
        },
        "parseurl": {
          "version": "1.0.1",
          "from": "parseurl@1.0.1"
        },
        "proxy-addr": {
          "version": "1.0.1",
          "from": "proxy-addr@1.0.1",
          "dependencies": {
            "ipaddr.js": {
              "version": "0.1.2",
              "from": "ipaddr.js@0.1.2"
            }
          }
        },
        "range-parser": {
          "version": "1.0.0",
          "from": "range-parser@1.0.0"
        },
        "send": {
          "version": "0.4.2",
          "from": "send@0.4.2",
          "resolved": "https://registry.npmjs.org/send/-/send-0.4.2.tgz",
          "dependencies": {
            "finished": {
              "version": "1.2.1",
              "from": "finished@1.2.1",
              "resolved": "https://registry.npmjs.org/finished/-/finished-1.2.1.tgz"
            },
            "mime": {
              "version": "1.2.11",
              "from": "mime@1.2.11",
              "resolved": "https://registry.npmjs.org/mime/-/mime-1.2.11.tgz"
            }
          }
        },
        "vary": {
          "version": "0.1.0",
          "from": "vary@0.1.0",
          "resolved": "https://registry.npmjs.org/vary/-/vary-0.1.0.tgz"
        },
        "cookie": {
          "version": "0.1.2",
          "from": "cookie@0.1.2"
        },
        "fresh": {
          "version": "0.2.2",
          "from": "fresh@0.2.2"
        },
        "cookie-signature": {
          "version": "1.0.3",
          "from": "cookie-signature@1.0.3"
        },
        "merge-descriptors": {
          "version": "0.0.2",
          "from": "merge-descriptors@0.0.2"
        }
      }
    },
    "uglify-js": {
      "version": "2.4.13",
      "from": "uglify-js@2.x",
      "dependencies": {
        "async": {
          "version": "0.2.10",
          "from": "async@~0.2.6"
        },
        "source-map": {
          "version": "0.1.34",
          "from": "source-map@~0.1.33",
          "resolved": "https://registry.npmjs.org/source-map/-/source-map-0.1.34.tgz",
          "dependencies": {
            "amdefine": {
              "version": "0.1.0",
              "from": "amdefine@>=0.0.4"
            }
          }
        },
        "optimist": {
          "version": "0.3.7",
          "from": "optimist@~0.3.5",
          "dependencies": {
            "wordwrap": {
              "version": "0.0.2",
              "from": "wordwrap@~0.0.2"
            }
          }
        },
        "uglify-to-browserify": {
          "version": "1.0.2",
          "from": "uglify-to-browserify@~1.0.0"
        }
      }
    }
  }
}
